
Microsoft Visual Studio Solution File, Format Version 12.00
# Visual Studio Version 17
VisualStudioVersion = 17.9.34622.214
MinimumVisualStudioVersion = 10.0.40219.1
Project("{9A19103F-16F7-4668-BE54-9A1E7A4F7556}") = "ProyectoGatitos", "ProyectoGatitos\ProyectoGatitos.csproj", "{73FDE98B-1638-48F5-9133-565774F41CA5}"
EndProject
Global
	GlobalSection(SolutionConfigurationPlatforms) = preSolution
		Debug|Any CPU = Debug|Any CPU
		Release|Any CPU = Release|Any CPU
	EndGlobalSection
	GlobalSection(ProjectConfigurationPlatforms) = postSolution
		{73FDE98B-1638-48F5-9133-565774F41CA5}.Debug|Any CPU.ActiveCfg = Debug|Any CPU
		{73FDE98B-1638-48F5-9133-565774F41CA5}.Debug|Any CPU.Build.0 = Debug|Any CPU
		{73FDE98B-1638-48F5-9133-565774F41CA5}.Release|Any CPU.ActiveCfg = Release|Any CPU
		{73FDE98B-1638-48F5-9133-565774F41CA5}.Release|Any CPU.Build.0 = Release|Any CPU
	EndGlobalSection
	GlobalSection(SolutionProperties) = preSolution
		HideSolutionNode = FALSE
	EndGlobalSection
	GlobalSection(ExtensibilityGlobals) = postSolution
		SolutionGuid = {6A75127B-78F9-4E57-9E82-0C4707B00F85}
	EndGlobalSection
EndGlobal
